// !$*UTF8*$!
{
	archiveVersion = 1;
	classes = {
	};
	objectVersion = 56;
	objects = {

/* Begin PBXBuildFile section */
		355FC1242C9940B00073906A /* _390_Project1App.swift in Sources */ = {isa = PBXBuildFile; fileRef = 355FC1232C9940B00073906A /* _390_Project1App.swift */; };
		355FC1262C9940B00073906A /* ContentView.swift in Sources */ = {isa = PBXBuildFile; fileRef = 355FC1252C9940B00073906A /* ContentView.swift */; };
		355FC1282C9940B10073906A /* Assets.xcassets in Resources */ = {isa = PBXBuildFile; fileRef = 355FC1272C9940B10073906A /* Assets.xcassets */; };
		355FC12B2C9940B10073906A /* Preview Assets.xcassets in Resources */ = {isa = PBXBuildFile; fileRef = 355FC12A2C9940B10073906A /* Preview Assets.xcassets */; };
		355FC1352C9940B10073906A /* _390_Project1Tests.swift in Sources */ = {isa = PBXBuildFile; fileRef = 355FC1342C9940B10073906A /* _390_Project1Tests.swift */; };
		355FC13F2C9940B10073906A /* _390_Project1UITests.swift in Sources */ = {isa = PBXBuildFile; fileRef = 355FC13E2C9940B10073906A /* _390_Project1UITests.swift */; };
		355FC1412C9940B10073906A /* _390_Project1UITestsLaunchTests.swift in Sources */ = {isa = PBXBuildFile; fileRef = 355FC1402C9940B10073906A /* _390_Project1UITestsLaunchTests.swift */; };
/* End PBXBuildFile section */

/* Begin PBXContainerItemProxy section */
		355FC1312C9940B10073906A /* PBXContainerItemProxy */ = {
			isa = PBXContainerItemProxy;
			containerPortal = 355FC1182C9940B00073906A /* Project object */;
			proxyType = 1;
			remoteGlobalIDString = 355FC11F2C9940B00073906A;
			remoteInfo = "3390-Project1";
		};
		355FC13B2C9940B10073906A /* PBXContainerItemProxy */ = {
			isa = PBXContainerItemProxy;
			containerPortal = 355FC1182C9940B00073906A /* Project object */;
			proxyType = 1;
			remoteGlobalIDString = 355FC11F2C9940B00073906A;
			remoteInfo = "3390-Project1";
		};
/* End PBXContainerItemProxy section */

/* Begin PBXFileReference section */
		355FC1202C9940B00073906A /* 3390-Project1.app */ = {isa = PBXFileReference; explicitFileType = wrapper.application; includeInIndex = 0; path = "3390-Project1.app"; sourceTree = BUILT_PRODUCTS_DIR; };
		355FC1232C9940B00073906A /* _390_Project1App.swift */ = {isa = PBXFileReference; lastKnownFileType = sourcecode.swift; path = _390_Project1App.swift; sourceTree = "<group>"; };
		355FC1252C9940B00073906A /* ContentView.swift */ = {isa = PBXFileReference; lastKnownFileType = sourcecode.swift; path = ContentView.swift; sourceTree = "<group>"; };
		355FC1272C9940B10073906A /* Assets.xcassets */ = {isa = PBXFileReference; lastKnownFileType = folder.assetcatalog; path = Assets.xcassets; sourceTree = "<group>"; };
		355FC12A2C9940B10073906A /* Preview Assets.xcassets */ = {isa = PBXFileReference; lastKnownFileType = folder.assetcatalog; path = "Preview Assets.xcassets"; sourceTree = "<group>"; };
		355FC1302C9940B10073906A /* 3390-Project1Tests.xctest */ = {isa = PBXFileReference; explicitFileType = wrapper.cfbundle; includeInIndex = 0; path = "3390-Project1Tests.xctest"; sourceTree = BUILT_PRODUCTS_DIR; };
		355FC1342C9940B10073906A /* _390_Project1Tests.swift */ = {isa = PBXFileReference; lastKnownFileType = sourcecode.swift; path = _390_Project1Tests.swift; sourceTree = "<group>"; };
		355FC13A2C9940B10073906A /* 3390-Project1UITests.xctest */ = {isa = PBXFileReference; explicitFileType = wrapper.cfbundle; includeInIndex = 0; path = "3390-Project1UITests.xctest"; sourceTree = BUILT_PRODUCTS_DIR; };
		355FC13E2C9940B10073906A /* _390_Project1UITests.swift */ = {isa = PBXFileReference; lastKnownFileType = sourcecode.swift; path = _390_Project1UITests.swift; sourceTree = "<group>"; };
		355FC1402C9940B10073906A /* _390_Project1UITestsLaunchTests.swift */ = {isa = PBXFileReference; lastKnownFileType = sourcecode.swift; path = _390_Project1UITestsLaunchTests.swift; sourceTree = "<group>"; };
/* End PBXFileReference section */

/* Begin PBXFrameworksBuildPhase section */
		355FC11D2C9940B00073906A /* Frameworks */ = {
			isa = PBXFrameworksBuildPhase;
			buildActionMask = 2147483647;
			files = (
			);
			runOnlyForDeploymentPostprocessing = 0;
		};
		355FC12D2C9940B10073906A /* Frameworks */ = {
			isa = PBXFrameworksBuildPhase;
			buildActionMask = 2147483647;
			files = (
			);
			runOnlyForDeploymentPostprocessing = 0;
		};
		355FC1372C9940B10073906A /* Frameworks */ = {
			isa = PBXFrameworksBuildPhase;
			buildActionMask = 2147483647;
			files = (
			);
			runOnlyForDeploymentPostprocessing = 0;
		};
/* End PBXFrameworksBuildPhase section */

/* Begin PBXGroup section */
		355FC1172C9940B00073906A = {
			isa = PBXGroup;
			children = (
				355FC1222C9940B00073906A /* 3390-Project1 */,
				355FC1332C9940B10073906A /* 3390-Project1Tests */,
				355FC13D2C9940B10073906A /* 3390-Project1UITests */,
				355FC1212C9940B00073906A /* Products */,
			);
			sourceTree = "<group>";
		};
		355FC1212C9940B00073906A /* Products */ = {
			isa = PBXGroup;
			children = (
				355FC1202C9940B00073906A /* 3390-Project1.app */,
				355FC1302C9940B10073906A /* 3390-Project1Tests.xctest */,
				355FC13A2C9940B10073906A /* 3390-Project1UITests.xctest */,
			);
			name = Products;
			sourceTree = "<group>";
		};
		355FC1222C9940B00073906A /* 3390-Project1 */ = {
			isa = PBXGroup;
			children = (
				355FC1232C9940B00073906A /* _390_Project1App.swift */,
				355FC1252C9940B00073906A /* ContentView.swift */,
				355FC1272C9940B10073906A /* Assets.xcassets */,
				355FC1292C9940B10073906A /* Preview Content */,
			);
			path = "3390-Project1";
			sourceTree = "<group>";
		};
		355FC1292C9940B10073906A /* Preview Content */ = {
			isa = PBXGroup;
			children = (
				355FC12A2C9940B10073906A /* Preview Assets.xcassets */,
			);
			path = "Preview Content";
			sourceTree = "<group>";
		};
		355FC1332C9940B10073906A /* 3390-Project1Tests */ = {
			isa = PBXGroup;
			children = (
				355FC1342C9940B10073906A /* _390_Project1Tests.swift */,
			);
			path = "3390-Project1Tests";
			sourceTree = "<group>";
		};
		355FC13D2C9940B10073906A /* 3390-Project1UITests */ = {
			isa = PBXGroup;
			children = (
				355FC13E2C9940B10073906A /* _390_Project1UITests.swift */,
				355FC1402C9940B10073906A /* _390_Project1UITestsLaunchTests.swift */,
			);
			path = "3390-Project1UITests";
			sourceTree = "<group>";
		};
/* End PBXGroup section */

/* Begin PBXNativeTarget section */
		355FC11F2C9940B00073906A /* 3390-Project1 */ = {
			isa = PBXNativeTarget;
			buildConfigurationList = 355FC1442C9940B10073906A /* Build configuration list for PBXNativeTarget "3390-Project1" */;
			buildPhases = (
				355FC11C2C9940B00073906A /* Sources */,
				355FC11D2C9940B00073906A /* Frameworks */,
				355FC11E2C9940B00073906A /* Resources */,
			);
			buildRules = (
			);
			dependencies = (
			);
			name = "3390-Project1";
			productName = "3390-Project1";
			productReference = 355FC1202C9940B00073906A /* 3390-Project1.app */;
			productType = "com.apple.product-type.application";
		};
		355FC12F2C9940B10073906A /* 3390-Project1Tests */ = {
			isa = PBXNativeTarget;
			buildConfigurationList = 355FC1472C9940B10073906A /* Build configuration list for PBXNativeTarget "3390-Project1Tests" */;
			buildPhases = (
				355FC12C2C9940B10073906A /* Sources */,
				355FC12D2C9940B10073906A /* Frameworks */,
				355FC12E2C9940B10073906A /* Resources */,
			);
			buildRules = (
			);
			dependencies = (
				355FC1322C9940B10073906A /* PBXTargetDependency */,
			);
			name = "3390-Project1Tests";
			productName = "3390-Project1Tests";
			productReference = 355FC1302C9940B10073906A /* 3390-Project1Tests.xctest */;
			productType = "com.apple.product-type.bundle.unit-test";
		};
		355FC1392C9940B10073906A /* 3390-Project1UITests */ = {
			isa = PBXNativeTarget;
			buildConfigurationList = 355FC14A2C9940B10073906A /* Build configuration list for PBXNativeTarget "3390-Project1UITests" */;
			buildPhases = (
				355FC1362C9940B10073906A /* Sources */,
				355FC1372C9940B10073906A /* Frameworks */,
				355FC1382C9940B10073906A /* Resources */,
			);
			buildRules = (
			);
			dependencies = (
				355FC13C2C9940B10073906A /* PBXTargetDependency */,
			);
			name = "3390-Project1UITests";
			productName = "3390-Project1UITests";
			productReference = 355FC13A2C9940B10073906A /* 3390-Project1UITests.xctest */;
			productType = "com.apple.product-type.bundle.ui-testing";
		};
/* End PBXNativeTarget section */

/* Begin PBXProject section */
		355FC1182C9940B00073906A /* Project object */ = {
			isa = PBXProject;
			attributes = {
				BuildIndependentTargetsInParallel = 1;
				LastSwiftUpdateCheck = 1430;
				LastUpgradeCheck = 1430;
				TargetAttributes = {
					355FC11F2C9940B00073906A = {
						CreatedOnToolsVersion = 14.3.1;
					};
					355FC12F2C9940B10073906A = {
						CreatedOnToolsVersion = 14.3.1;
						TestTargetID = 355FC11F2C9940B00073906A;
					};
					355FC1392C9940B10073906A = {
						CreatedOnToolsVersion = 14.3.1;
						TestTargetID = 355FC11F2C9940B00073906A;
					};
				};
			};
			buildConfigurationList = 355FC11B2C9940B00073906A /* Build configuration list for PBXProject "3390-Project1" */;
			compatibilityVersion = "Xcode 14.0";
			developmentRegion = en;
			hasScannedForEncodings = 0;
			knownRegions = (
				en,
				Base,
			);
			mainGroup = 355FC1172C9940B00073906A;
			productRefGroup = 355FC1212C9940B00073906A /* Products */;
			projectDirPath = "";
			projectRoot = "";
			targets = (
				355FC11F2C9940B00073906A /* 3390-Project1 */,
				355FC12F2C9940B10073906A /* 3390-Project1Tests */,
				355FC1392C9940B10073906A /* 3390-Project1UITests */,
			);
		};
/* End PBXProject section */

/* Begin PBXResourcesBuildPhase section */
		355FC11E2C9940B00073906A /* Resources */ = {
			isa = PBXResourcesBuildPhase;
			buildActionMask = 2147483647;
			files = (
				355FC12B2C9940B10073906A /* Preview Assets.xcassets in Resources */,
				355FC1282C9940B10073906A /* Assets.xcassets in Resources */,
			);
			runOnlyForDeploymentPostprocessing = 0;
		};
		355FC12E2C9940B10073906A /* Resources */ = {
			isa = PBXResourcesBuildPhase;
			buildActionMask = 2147483647;
			files = (
			);
			runOnlyForDeploymentPostprocessing = 0;
		};
		355FC1382C9940B10073906A /* Resources */ = {
			isa = PBXResourcesBuildPhase;
			buildActionMask = 2147483647;
			files = (
			);
			runOnlyForDeploymentPostprocessing = 0;
		};
/* End PBXResourcesBuildPhase section */

/* Begin PBXSourcesBuildPhase section */
		355FC11C2C9940B00073906A /* Sources */ = {
			isa = PBXSourcesBuildPhase;
			buildActionMask = 2147483647;
			files = (
				355FC1262C9940B00073906A /* ContentView.swift in Sources */,
				355FC1242C9940B00073906A /* _390_Project1App.swift in Sources */,
			);
			runOnlyForDeploymentPostprocessing = 0;
		};
		355FC12C2C9940B10073906A /* Sources */ = {
			isa = PBXSourcesBuildPhase;
			buildActionMask = 2147483647;
			files = (
				355FC1352C9940B10073906A /* _390_Project1Tests.swift in Sources */,
			);
			runOnlyForDeploymentPostprocessing = 0;
		};
		355FC1362C9940B10073906A /* Sources */ = {
			isa = PBXSourcesBuildPhase;
			buildActionMask = 2147483647;
			files = (
				355FC13F2C9940B10073906A /* _390_Project1UITests.swift in Sources */,
				355FC1412C9940B10073906A /* _390_Project1UITestsLaunchTests.swift in Sources */,
			);
			runOnlyForDeploymentPostprocessing = 0;
		};
/* End PBXSourcesBuildPhase section */

/* Begin PBXTargetDependency section */
		355FC1322C9940B10073906A /* PBXTargetDependency */ = {
			isa = PBXTargetDependency;
			target = 355FC11F2C9940B00073906A /* 3390-Project1 */;
			targetProxy = 355FC1312C9940B10073906A /* PBXContainerItemProxy */;
		};
		355FC13C2C9940B10073906A /* PBXTargetDependency */ = {
			isa = PBXTargetDependency;
			target = 355FC11F2C9940B00073906A /* 3390-Project1 */;
			targetProxy = 355FC13B2C9940B10073906A /* PBXContainerItemProxy */;
		};
/* End PBXTargetDependency section */

/* Begin XCBuildConfiguration section */
		355FC1422C9940B10073906A /* Debug */ = {
			isa = XCBuildConfiguration;
			buildSettings = {
				ALWAYS_SEARCH_USER_PATHS = NO;
				CLANG_ANALYZER_NONNULL = YES;
				CLANG_ANALYZER_NUMBER_OBJECT_CONVERSION = YES_AGGRESSIVE;
				CLANG_CXX_LANGUAGE_STANDARD = "gnu++20";
				CLANG_ENABLE_MODULES = YES;
				CLANG_ENABLE_OBJC_ARC = YES;
				CLANG_ENABLE_OBJC_WEAK = YES;
				CLANG_WARN_BLOCK_CAPTURE_AUTORELEASING = YES;
				CLANG_WARN_BOOL_CONVERSION = YES;
				CLANG_WARN_COMMA = YES;
				CLANG_WARN_CONSTANT_CONVERSION = YES;
				CLANG_WARN_DEPRECATED_OBJC_IMPLEMENTATIONS = YES;
				CLANG_WARN_DIRECT_OBJC_ISA_USAGE = YES_ERROR;
				CLANG_WARN_DOCUMENTATION_COMMENTS = YES;
				CLANG_WARN_EMPTY_BODY = YES;
				CLANG_WARN_ENUM_CONVERSION = YES;
				CLANG_WARN_INFINITE_RECURSION = YES;
				CLANG_WARN_INT_CONVERSION = YES;
				CLANG_WARN_NON_LITERAL_NULL_CONVERSION = YES;
				CLANG_WARN_OBJC_IMPLICIT_RETAIN_SELF = YES;
				CLANG_WARN_OBJC_LITERAL_CONVERSION = YES;
				CLANG_WARN_OBJC_ROOT_CLASS = YES_ERROR;
				CLANG_WARN_QUOTED_INCLUDE_IN_FRAMEWORK_HEADER = YES;
				CLANG_WARN_RANGE_LOOP_ANALYSIS = YES;
				CLANG_WARN_STRICT_PROTOTYPES = YES;
				CLANG_WARN_SUSPICIOUS_MOVE = YES;
				CLANG_WARN_UNGUARDED_AVAILABILITY = YES_AGGRESSIVE;
				CLANG_WARN_UNREACHABLE_CODE = YES;
				CLANG_WARN__DUPLICATE_METHOD_MATCH = YES;
				COPY_PHASE_STRIP = NO;
				DEBUG_INFORMATION_FORMAT = dwarf;
				ENABLE_STRICT_OBJC_MSGSEND = YES;
				ENABLE_TESTABILITY = YES;
				GCC_C_LANGUAGE_STANDARD = gnu11;
				GCC_DYNAMIC_NO_PIC = NO;
				GCC_NO_COMMON_BLOCKS = YES;
				GCC_OPTIMIZATION_LEVEL = 0;
				GCC_PREPROCESSOR_DEFINITIONS = (
					"DEBUG=1",
					"$(inherited)",
				);
				GCC_WARN_64_TO_32_BIT_CONVERSION = YES;
				GCC_WARN_ABOUT_RETURN_TYPE = YES_ERROR;
				GCC_WARN_UNDECLARED_SELECTOR = YES;
				GCC_WARN_UNINITIALIZED_AUTOS = YES_AGGRESSIVE;
				GCC_WARN_UNUSED_FUNCTION = YES;
				GCC_WARN_UNUSED_VARIABLE = YES;
				IPHONEOS_DEPLOYMENT_TARGET = 16.4;
				MTL_ENABLE_DEBUG_INFO = INCLUDE_SOURCE;
				MTL_FAST_MATH = YES;
				ONLY_ACTIVE_ARCH = YES;
				SDKROOT = iphoneos;
				SWIFT_ACTIVE_COMPILATION_CONDITIONS = DEBUG;
				SWIFT_OPTIMIZATION_LEVEL = "-Onone";
			};
			name = Debug;
		};
		355FC1432C9940B10073906A /* Release */ = {
			isa = XCBuildConfiguration;
			buildSettings = {
				ALWAYS_SEARCH_USER_PATHS = NO;
				CLANG_ANALYZER_NONNULL = YES;
				CLANG_ANALYZER_NUMBER_OBJECT_CONVERSION = YES_AGGRESSIVE;
				CLANG_CXX_LANGUAGE_STANDARD = "gnu++20";
				CLANG_ENABLE_MODULES = YES;
				CLANG_ENABLE_OBJC_ARC = YES;
				CLANG_ENABLE_OBJC_WEAK = YES;
				CLANG_WARN_BLOCK_CAPTURE_AUTORELEASING = YES;
				CLANG_WARN_BOOL_CONVERSION = YES;
				CLANG_WARN_COMMA = YES;
				CLANG_WARN_CONSTANT_CONVERSION = YES;
				CLANG_WARN_DEPRECATED_OBJC_IMPLEMENTATIONS = YES;
				CLANG_WARN_DIRECT_OBJC_ISA_USAGE = YES_ERROR;
				CLANG_WARN_DOCUMENTATION_COMMENTS = YES;
				CLANG_WARN_EMPTY_BODY = YES;
				CLANG_WARN_ENUM_CONVERSION = YES;
				CLANG_WARN_INFINITE_RECURSION = YES;
				CLANG_WARN_INT_CONVERSION = YES;
				CLANG_WARN_NON_LITERAL_NULL_CONVERSION = YES;
				CLANG_WARN_OBJC_IMPLICIT_RETAIN_SELF = YES;
				CLANG_WARN_OBJC_LITERAL_CONVERSION = YES;
				CLANG_WARN_OBJC_ROOT_CLASS = YES_ERROR;
				CLANG_WARN_QUOTED_INCLUDE_IN_FRAMEWORK_HEADER = YES;
				CLANG_WARN_RANGE_LOOP_ANALYSIS = YES;
				CLANG_WARN_STRICT_PROTOTYPES = YES;
				CLANG_WARN_SUSPICIOUS_MOVE = YES;
				CLANG_WARN_UNGUARDED_AVAILABILITY = YES_AGGRESSIVE;
				CLANG_WARN_UNREACHABLE_CODE = YES;
				CLANG_WARN__DUPLICATE_METHOD_MATCH = YES;
				COPY_PHASE_STRIP = NO;
				DEBUG_INFORMATION_FORMAT = "dwarf-with-dsym";
				ENABLE_NS_ASSERTIONS = NO;
				ENABLE_STRICT_OBJC_MSGSEND = YES;
				GCC_C_LANGUAGE_STANDARD = gnu11;
				GCC_NO_COMMON_BLOCKS = YES;
				GCC_WARN_64_TO_32_BIT_CONVERSION = YES;
				GCC_WARN_ABOUT_RETURN_TYPE = YES_ERROR;
				GCC_WARN_UNDECLARED_SELECTOR = YES;
				GCC_WARN_UNINITIALIZED_AUTOS = YES_AGGRESSIVE;
				GCC_WARN_UNUSED_FUNCTION = YES;
				GCC_WARN_UNUSED_VARIABLE = YES;
				IPHONEOS_DEPLOYMENT_TARGET = 16.4;
				MTL_ENABLE_DEBUG_INFO = NO;
				MTL_FAST_MATH = YES;
				SDKROOT = iphoneos;
				SWIFT_COMPILATION_MODE = wholemodule;
				SWIFT_OPTIMIZATION_LEVEL = "-O";
				VALIDATE_PRODUCT = YES;
			};
			name = Release;
		};
		355FC1452C9940B10073906A /* Debug */ = {
			isa = XCBuildConfiguration;
			buildSettings = {
				ASSETCATALOG_COMPILER_APPICON_NAME = AppIcon;
				ASSETCATALOG_COMPILER_GLOBAL_ACCENT_COLOR_NAME = AccentColor;
				CODE_SIGN_STYLE = Automatic;
				CURRENT_PROJECT_VERSION = 1;
				DEVELOPMENT_ASSET_PATHS = "\"3390-Project1/Preview Content\"";
				ENABLE_PREVIEWS = YES;
				GENERATE_INFOPLIST_FILE = YES;
				INFOPLIST_KEY_UIApplicationSceneManifest_Generation = YES;
				INFOPLIST_KEY_UIApplicationSupportsIndirectInputEvents = YES;
				INFOPLIST_KEY_UILaunchScreen_Generation = YES;
				INFOPLIST_KEY_UISupportedInterfaceOrientations_iPad = "UIInterfaceOrientationPortrait UIInterfaceOrientationPortraitUpsideDown UIInterfaceOrientationLandscapeLeft UIInterfaceOrientationLandscapeRight";
				INFOPLIST_KEY_UISupportedInterfaceOrientations_iPhone = "UIInterfaceOrientationPortrait UIInterfaceOrientationLandscapeLeft UIInterfaceOrientationLandscapeRight";
				LD_RUNPATH_SEARCH_PATHS = (
					"$(inherited)",
					"@executable_path/Frameworks",
				);
				MARKETING_VERSION = 1.0;
				PRODUCT_BUNDLE_IDENTIFIER = "com.rajveerkhosa.-390-Project1";
				PRODUCT_NAME = "$(TARGET_NAME)";
				SWIFT_EMIT_LOC_STRINGS = YES;
				SWIFT_VERSION = 5.0;
				TARGETED_DEVICE_FAMILY = "1,2";
			};
			name = Debug;
		};
		355FC1462C9940B10073906A /* Release */ = {
			isa = XCBuildConfiguration;
			buildSettings = {
				ASSETCATALOG_COMPILER_APPICON_NAME = AppIcon;
				ASSETCATALOG_COMPILER_GLOBAL_ACCENT_COLOR_NAME = AccentColor;
				CODE_SIGN_STYLE = Automatic;
				CURRENT_PROJECT_VERSION = 1;
				DEVELOPMENT_ASSET_PATHS = "\"3390-Project1/Preview Content\"";
				ENABLE_PREVIEWS = YES;
				GENERATE_INFOPLIST_FILE = YES;
				INFOPLIST_KEY_UIApplicationSceneManifest_Generation = YES;
				INFOPLIST_KEY_UIApplicationSupportsIndirectInputEvents = YES;
				INFOPLIST_KEY_UILaunchScreen_Generation = YES;
				INFOPLIST_KEY_UISupportedInterfaceOrientations_iPad = "UIInterfaceOrientationPortrait UIInterfaceOrientationPortraitUpsideDown UIInterfaceOrientationLandscapeLeft UIInterfaceOrientationLandscapeRight";
				INFOPLIST_KEY_UISupportedInterfaceOrientations_iPhone = "UIInterfaceOrientationPortrait UIInterfaceOrientationLandscapeLeft UIInterfaceOrientationLandscapeRight";
				LD_RUNPATH_SEARCH_PATHS = (
					"$(inherited)",
					"@executable_path/Frameworks",
				);
				MARKETING_VERSION = 1.0;
				PRODUCT_BUNDLE_IDENTIFIER = "com.rajveerkhosa.-390-Project1";
				PRODUCT_NAME = "$(TARGET_NAME)";
				SWIFT_EMIT_LOC_STRINGS = YES;
				SWIFT_VERSION = 5.0;
				TARGETED_DEVICE_FAMILY = "1,2";
			};
			name = Release;
		};
		355FC1482C9940B10073906A /* Debug */ = {
			isa = XCBuildConfiguration;
			buildSettings = {
				ALWAYS_EMBED_SWIFT_STANDARD_LIBRARIES = YES;
				BUNDLE_LOADER = "$(TEST_HOST)";
				CODE_SIGN_STYLE = Automatic;
				CURRENT_PROJECT_VERSION = 1;
				GENERATE_INFOPLIST_FILE = YES;
				IPHONEOS_DEPLOYMENT_TARGET = 16.4;
				MARKETING_VERSION = 1.0;
				PRODUCT_BUNDLE_IDENTIFIER = "com.rajveerkhosa.-390-Project1Tests";
				PRODUCT_NAME = "$(TARGET_NAME)";
				SWIFT_EMIT_LOC_STRINGS = NO;
				SWIFT_VERSION = 5.0;
				TARGETED_DEVICE_FAMILY = "1,2";
				TEST_HOST = "$(BUILT_PRODUCTS_DIR)/3390-Project1.app/$(BUNDLE_EXECUTABLE_FOLDER_PATH)/3390-Project1";
			};
			name = Debug;
		};
		355FC1492C9940B10073906A /* Release */ = {
			isa = XCBuildConfiguration;
			buildSettings = {
				ALWAYS_EMBED_SWIFT_STANDARD_LIBRARIES = YES;
				BUNDLE_LOADER = "$(TEST_HOST)";
				CODE_SIGN_STYLE = Automatic;
				CURRENT_PROJECT_VERSION = 1;
				GENERATE_INFOPLIST_FILE = YES;
				IPHONEOS_DEPLOYMENT_TARGET = 16.4;
				MARKETING_VERSION = 1.0;
				PRODUCT_BUNDLE_IDENTIFIER = "com.rajveerkhosa.-390-Project1Tests";
				PRODUCT_NAME = "$(TARGET_NAME)";
				SWIFT_EMIT_LOC_STRINGS = NO;
				SWIFT_VERSION = 5.0;
				TARGETED_DEVICE_FAMILY = "1,2";
				TEST_HOST = "$(BUILT_PRODUCTS_DIR)/3390-Project1.app/$(BUNDLE_EXECUTABLE_FOLDER_PATH)/3390-Project1";
			};
			name = Release;
		};
		355FC14B2C9940B10073906A /* Debug */ = {
			isa = XCBuildConfiguration;
			buildSettings = {
				ALWAYS_EMBED_SWIFT_STANDARD_LIBRARIES = YES;
				CODE_SIGN_STYLE = Automatic;
				CURRENT_PROJECT_VERSION = 1;
				GENERATE_INFOPLIST_FILE = YES;
				MARKETING_VERSION = 1.0;
				PRODUCT_BUNDLE_IDENTIFIER = "com.rajveerkhosa.-390-Project1UITests";
				PRODUCT_NAME = "$(TARGET_NAME)";
				SWIFT_EMIT_LOC_STRINGS = NO;
				SWIFT_VERSION = 5.0;
				TARGETED_DEVICE_FAMILY = "1,2";
				TEST_TARGET_NAME = "3390-Project1";
			};
			name = Debug;
		};
		355FC14C2C9940B10073906A /* Release */ = {
			isa = XCBuildConfiguration;
			buildSettings = {
				ALWAYS_EMBED_SWIFT_STANDARD_LIBRARIES = YES;
				CODE_SIGN_STYLE = Automatic;
				CURRENT_PROJECT_VERSION = 1;
				GENERATE_INFOPLIST_FILE = YES;
				MARKETING_VERSION = 1.0;
				PRODUCT_BUNDLE_IDENTIFIER = "com.rajveerkhosa.-390-Project1UITests";
				PRODUCT_NAME = "$(TARGET_NAME)";
				SWIFT_EMIT_LOC_STRINGS = NO;
				SWIFT_VERSION = 5.0;
				TARGETED_DEVICE_FAMILY = "1,2";
				TEST_TARGET_NAME = "3390-Project1";
			};
			name = Release;
		};
/* End XCBuildConfiguration section */

/* Begin XCConfigurationList section */
		355FC11B2C9940B00073906A /* Build configuration list for PBXProject "3390-Project1" */ = {
			isa = XCConfigurationList;
			buildConfigurations = (
				355FC1422C9940B10073906A /* Debug */,
				355FC1432C9940B10073906A /* Release */,
			);
			defaultConfigurationIsVisible = 0;
			defaultConfigurationName = Release;
		};
		355FC1442C9940B10073906A /* Build configuration list for PBXNativeTarget "3390-Project1" */ = {
			isa = XCConfigurationList;
			buildConfigurations = (
				355FC1452C9940B10073906A /* Debug */,
				355FC1462C9940B10073906A /* Release */,
			);
			defaultConfigurationIsVisible = 0;
			defaultConfigurationName = Release;
		};
		355FC1472C9940B10073906A /* Build configuration list for PBXNativeTarget "3390-Project1Tests" */ = {
			isa = XCConfigurationList;
			buildConfigurations = (
				355FC1482C9940B10073906A /* Debug */,
				355FC1492C9940B10073906A /* Release */,
			);
			defaultConfigurationIsVisible = 0;
			defaultConfigurationName = Release;
		};
		355FC14A2C9940B10073906A /* Build configuration list for PBXNativeTarget "3390-Project1UITests" */ = {
			isa = XCConfigurationList;
			buildConfigurations = (
				355FC14B2C9940B10073906A /* Debug */,
				355FC14C2C9940B10073906A /* Release */,
			);
			defaultConfigurationIsVisible = 0;
			defaultConfigurationName = Release;
		};
/* End XCConfigurationList section */
	};
	rootObject = 355FC1182C9940B00073906A /* Project object */;
}
